
Microsoft Visual Studio Solution File, Format Version 12.00
# Visual Studio Version 17
VisualStudioVersion = 17.14.36518.9 d17.14
MinimumVisualStudioVersion = 10.0.40219.1
Project("{54A90642-561A-4BB1-A94E-469ADEE60C69}") = "Newspoint.Client", "Newspoint.Client\Newspoint.Client.esproj", "{63B27594-ACEF-2B26-3DC4-6916B9F7C16B}"
EndProject
Project("{FAE04EC0-301F-11D3-BF4B-00C04F79EFBC}") = "Newspoint.Server", "Newspoint.Server\Newspoint.Server.csproj", "{84C4871B-7E4A-4A76-BBD1-FA56A3DCB236}"
EndProject
Global
	GlobalSection(SolutionConfigurationPlatforms) = preSolution
		Debug|Any CPU = Debug|Any CPU
		Release|Any CPU = Release|Any CPU
	EndGlobalSection
	GlobalSection(ProjectConfigurationPlatforms) = postSolution
		{63B27594-ACEF-2B26-3DC4-6916B9F7C16B}.Debug|Any CPU.ActiveCfg = Debug|Any CPU
		{63B27594-ACEF-2B26-3DC4-6916B9F7C16B}.Debug|Any CPU.Build.0 = Debug|Any CPU
		{63B27594-ACEF-2B26-3DC4-6916B9F7C16B}.Debug|Any CPU.Deploy.0 = Debug|Any CPU
		{63B27594-ACEF-2B26-3DC4-6916B9F7C16B}.Release|Any CPU.ActiveCfg = Release|Any CPU
		{63B27594-ACEF-2B26-3DC4-6916B9F7C16B}.Release|Any CPU.Build.0 = Release|Any CPU
		{63B27594-ACEF-2B26-3DC4-6916B9F7C16B}.Release|Any CPU.Deploy.0 = Release|Any CPU
		{84C4871B-7E4A-4A76-BBD1-FA56A3DCB236}.Debug|Any CPU.ActiveCfg = Debug|Any CPU
		{84C4871B-7E4A-4A76-BBD1-FA56A3DCB236}.Debug|Any CPU.Build.0 = Debug|Any CPU
		{84C4871B-7E4A-4A76-BBD1-FA56A3DCB236}.Release|Any CPU.ActiveCfg = Release|Any CPU
		{84C4871B-7E4A-4A76-BBD1-FA56A3DCB236}.Release|Any CPU.Build.0 = Release|Any CPU
	EndGlobalSection
	GlobalSection(SolutionProperties) = preSolution
		HideSolutionNode = FALSE
	EndGlobalSection
	GlobalSection(ExtensibilityGlobals) = postSolution
		SolutionGuid = {502DD7B6-093F-4853-933F-DF99F7DEE330}
	EndGlobalSection
EndGlobal
